
Microsoft Visual Studio Solution File, Format Version 12.00
# Visual Studio Version 17
VisualStudioVersion = 17.0.31903.59
MinimumVisualStudioVersion = 10.0.40219.1
Project("{FAE04EC0-301F-11D3-BF4B-00C04F79EFBC}") = "SAM.Core", "SAM.Core\SAM.Core.csproj", "{9199722F-B8FC-4D98-AFD2-83393F78DC85}"
EndProject
Project("{FAE04EC0-301F-11D3-BF4B-00C04F79EFBC}") = "SAM.Infrastructure", "SAM.Infrastructure\SAM.Infrastructure.csproj", "{D58494B8-0CA6-4B0C-8C60-775D91AB2FF7}"
EndProject
Project("{FAE04EC0-301F-11D3-BF4B-00C04F79EFBC}") = "SAM.Shared.Abstraction", "SAM.Shared.Abstraction\SAM.Shared.Abstraction.csproj", "{98B84FB2-DDFC-4A6B-9DC0-DD5479585F6C}"
EndProject
Project("{FAE04EC0-301F-11D3-BF4B-00C04F79EFBC}") = "SAM.Shared", "SAM.Shared\SAM.Shared.csproj", "{B4E50E79-EF29-488D-8929-D7F31F2B0F68}"
EndProject
Project("{FAE04EC0-301F-11D3-BF4B-00C04F79EFBC}") = "SAM.Application", "SAM.Application\SAM.Application.csproj", "{004EDFE9-E25B-4393-B471-B20E86DB6D21}"
EndProject
Project("{FAE04EC0-301F-11D3-BF4B-00C04F79EFBC}") = "SAM.Api", "SAM.Api\SAM.Api.csproj", "{709E3745-ADE0-4D76-AA71-66EA94BD000A}"
EndProject
Project("{FAE04EC0-301F-11D3-BF4B-00C04F79EFBC}") = "SAM.MVC", "SAM.MVC\SAM.MVC.csproj", "{C0D455B1-2EA6-48CB-9F5B-A0C3A348D360}"
EndProject
Project("{2150E333-8FDC-42A3-9474-1A3956D46DE8}") = "core", "core", "{02EA681E-C7D8-13C7-8484-4AC65E1B71E8}"
EndProject
Project("{FAE04EC0-301F-11D3-BF4B-00C04F79EFBC}") = "SAM.Domain", "SAM.Domain\SAM.Domain.csproj", "{B8525B6C-5D58-4B53-8A5C-719242B0A224}"
EndProject
Global
	GlobalSection(SolutionConfigurationPlatforms) = preSolution
		Debug|Any CPU = Debug|Any CPU
		Debug|x64 = Debug|x64
		Debug|x86 = Debug|x86
		Release|Any CPU = Release|Any CPU
		Release|x64 = Release|x64
		Release|x86 = Release|x86
	EndGlobalSection
	GlobalSection(ProjectConfigurationPlatforms) = postSolution
		{9199722F-B8FC-4D98-AFD2-83393F78DC85}.Debug|Any CPU.ActiveCfg = Debug|Any CPU
		{9199722F-B8FC-4D98-AFD2-83393F78DC85}.Debug|Any CPU.Build.0 = Debug|Any CPU
		{9199722F-B8FC-4D98-AFD2-83393F78DC85}.Debug|x64.ActiveCfg = Debug|Any CPU
		{9199722F-B8FC-4D98-AFD2-83393F78DC85}.Debug|x64.Build.0 = Debug|Any CPU
		{9199722F-B8FC-4D98-AFD2-83393F78DC85}.Debug|x86.ActiveCfg = Debug|Any CPU
		{9199722F-B8FC-4D98-AFD2-83393F78DC85}.Debug|x86.Build.0 = Debug|Any CPU
		{9199722F-B8FC-4D98-AFD2-83393F78DC85}.Release|Any CPU.ActiveCfg = Release|Any CPU
		{9199722F-B8FC-4D98-AFD2-83393F78DC85}.Release|Any CPU.Build.0 = Release|Any CPU
		{9199722F-B8FC-4D98-AFD2-83393F78DC85}.Release|x64.ActiveCfg = Release|Any CPU
		{9199722F-B8FC-4D98-AFD2-83393F78DC85}.Release|x64.Build.0 = Release|Any CPU
		{9199722F-B8FC-4D98-AFD2-83393F78DC85}.Release|x86.ActiveCfg = Release|Any CPU
		{9199722F-B8FC-4D98-AFD2-83393F78DC85}.Release|x86.Build.0 = Release|Any CPU
		{D58494B8-0CA6-4B0C-8C60-775D91AB2FF7}.Debug|Any CPU.ActiveCfg = Debug|Any CPU
		{D58494B8-0CA6-4B0C-8C60-775D91AB2FF7}.Debug|Any CPU.Build.0 = Debug|Any CPU
		{D58494B8-0CA6-4B0C-8C60-775D91AB2FF7}.Debug|x64.ActiveCfg = Debug|Any CPU
		{D58494B8-0CA6-4B0C-8C60-775D91AB2FF7}.Debug|x64.Build.0 = Debug|Any CPU
		{D58494B8-0CA6-4B0C-8C60-775D91AB2FF7}.Debug|x86.ActiveCfg = Debug|Any CPU
		{D58494B8-0CA6-4B0C-8C60-775D91AB2FF7}.Debug|x86.Build.0 = Debug|Any CPU
		{D58494B8-0CA6-4B0C-8C60-775D91AB2FF7}.Release|Any CPU.ActiveCfg = Release|Any CPU
		{D58494B8-0CA6-4B0C-8C60-775D91AB2FF7}.Release|Any CPU.Build.0 = Release|Any CPU
		{D58494B8-0CA6-4B0C-8C60-775D91AB2FF7}.Release|x64.ActiveCfg = Release|Any CPU
		{D58494B8-0CA6-4B0C-8C60-775D91AB2FF7}.Release|x64.Build.0 = Release|Any CPU
		{D58494B8-0CA6-4B0C-8C60-775D91AB2FF7}.Release|x86.ActiveCfg = Release|Any CPU
		{D58494B8-0CA6-4B0C-8C60-775D91AB2FF7}.Release|x86.Build.0 = Release|Any CPU
		{98B84FB2-DDFC-4A6B-9DC0-DD5479585F6C}.Debug|Any CPU.ActiveCfg = Debug|Any CPU
		{98B84FB2-DDFC-4A6B-9DC0-DD5479585F6C}.Debug|Any CPU.Build.0 = Debug|Any CPU
		{98B84FB2-DDFC-4A6B-9DC0-DD5479585F6C}.Debug|x64.ActiveCfg = Debug|Any CPU
		{98B84FB2-DDFC-4A6B-9DC0-DD5479585F6C}.Debug|x64.Build.0 = Debug|Any CPU
		{98B84FB2-DDFC-4A6B-9DC0-DD5479585F6C}.Debug|x86.ActiveCfg = Debug|Any CPU
		{98B84FB2-DDFC-4A6B-9DC0-DD5479585F6C}.Debug|x86.Build.0 = Debug|Any CPU
		{98B84FB2-DDFC-4A6B-9DC0-DD5479585F6C}.Release|Any CPU.ActiveCfg = Release|Any CPU
		{98B84FB2-DDFC-4A6B-9DC0-DD5479585F6C}.Release|Any CPU.Build.0 = Release|Any CPU
		{98B84FB2-DDFC-4A6B-9DC0-DD5479585F6C}.Release|x64.ActiveCfg = Release|Any CPU
		{98B84FB2-DDFC-4A6B-9DC0-DD5479585F6C}.Release|x64.Build.0 = Release|Any CPU
		{98B84FB2-DDFC-4A6B-9DC0-DD5479585F6C}.Release|x86.ActiveCfg = Release|Any CPU
		{98B84FB2-DDFC-4A6B-9DC0-DD5479585F6C}.Release|x86.Build.0 = Release|Any CPU
		{B4E50E79-EF29-488D-8929-D7F31F2B0F68}.Debug|Any CPU.ActiveCfg = Debug|Any CPU
		{B4E50E79-EF29-488D-8929-D7F31F2B0F68}.Debug|Any CPU.Build.0 = Debug|Any CPU
		{B4E50E79-EF29-488D-8929-D7F31F2B0F68}.Debug|x64.ActiveCfg = Debug|Any CPU
		{B4E50E79-EF29-488D-8929-D7F31F2B0F68}.Debug|x64.Build.0 = Debug|Any CPU
		{B4E50E79-EF29-488D-8929-D7F31F2B0F68}.Debug|x86.ActiveCfg = Debug|Any CPU
		{B4E50E79-EF29-488D-8929-D7F31F2B0F68}.Debug|x86.Build.0 = Debug|Any CPU
		{B4E50E79-EF29-488D-8929-D7F31F2B0F68}.Release|Any CPU.ActiveCfg = Release|Any CPU
		{B4E50E79-EF29-488D-8929-D7F31F2B0F68}.Release|Any CPU.Build.0 = Release|Any CPU
		{B4E50E79-EF29-488D-8929-D7F31F2B0F68}.Release|x64.ActiveCfg = Release|Any CPU
		{B4E50E79-EF29-488D-8929-D7F31F2B0F68}.Release|x64.Build.0 = Release|Any CPU
		{B4E50E79-EF29-488D-8929-D7F31F2B0F68}.Release|x86.ActiveCfg = Release|Any CPU
		{B4E50E79-EF29-488D-8929-D7F31F2B0F68}.Release|x86.Build.0 = Release|Any CPU
		{004EDFE9-E25B-4393-B471-B20E86DB6D21}.Debug|Any CPU.ActiveCfg = Debug|Any CPU
		{004EDFE9-E25B-4393-B471-B20E86DB6D21}.Debug|Any CPU.Build.0 = Debug|Any CPU
		{004EDFE9-E25B-4393-B471-B20E86DB6D21}.Debug|x64.ActiveCfg = Debug|Any CPU
		{004EDFE9-E25B-4393-B471-B20E86DB6D21}.Debug|x64.Build.0 = Debug|Any CPU
		{004EDFE9-E25B-4393-B471-B20E86DB6D21}.Debug|x86.ActiveCfg = Debug|Any CPU
		{004EDFE9-E25B-4393-B471-B20E86DB6D21}.Debug|x86.Build.0 = Debug|Any CPU
		{004EDFE9-E25B-4393-B471-B20E86DB6D21}.Release|Any CPU.ActiveCfg = Release|Any CPU
		{004EDFE9-E25B-4393-B471-B20E86DB6D21}.Release|Any CPU.Build.0 = Release|Any CPU
		{004EDFE9-E25B-4393-B471-B20E86DB6D21}.Release|x64.ActiveCfg = Release|Any CPU
		{004EDFE9-E25B-4393-B471-B20E86DB6D21}.Release|x64.Build.0 = Release|Any CPU
		{004EDFE9-E25B-4393-B471-B20E86DB6D21}.Release|x86.ActiveCfg = Release|Any CPU
		{004EDFE9-E25B-4393-B471-B20E86DB6D21}.Release|x86.Build.0 = Release|Any CPU
		{709E3745-ADE0-4D76-AA71-66EA94BD000A}.Debug|Any CPU.ActiveCfg = Debug|Any CPU
		{709E3745-ADE0-4D76-AA71-66EA94BD000A}.Debug|Any CPU.Build.0 = Debug|Any CPU
		{709E3745-ADE0-4D76-AA71-66EA94BD000A}.Debug|x64.ActiveCfg = Debug|Any CPU
		{709E3745-ADE0-4D76-AA71-66EA94BD000A}.Debug|x64.Build.0 = Debug|Any CPU
		{709E3745-ADE0-4D76-AA71-66EA94BD000A}.Debug|x86.ActiveCfg = Debug|Any CPU
		{709E3745-ADE0-4D76-AA71-66EA94BD000A}.Debug|x86.Build.0 = Debug|Any CPU
		{709E3745-ADE0-4D76-AA71-66EA94BD000A}.Release|Any CPU.ActiveCfg = Release|Any CPU
		{709E3745-ADE0-4D76-AA71-66EA94BD000A}.Release|Any CPU.Build.0 = Release|Any CPU
		{709E3745-ADE0-4D76-AA71-66EA94BD000A}.Release|x64.ActiveCfg = Release|Any CPU
		{709E3745-ADE0-4D76-AA71-66EA94BD000A}.Release|x64.Build.0 = Release|Any CPU
		{709E3745-ADE0-4D76-AA71-66EA94BD000A}.Release|x86.ActiveCfg = Release|Any CPU
		{709E3745-ADE0-4D76-AA71-66EA94BD000A}.Release|x86.Build.0 = Release|Any CPU
		{C0D455B1-2EA6-48CB-9F5B-A0C3A348D360}.Debug|Any CPU.ActiveCfg = Debug|Any CPU
		{C0D455B1-2EA6-48CB-9F5B-A0C3A348D360}.Debug|Any CPU.Build.0 = Debug|Any CPU
		{C0D455B1-2EA6-48CB-9F5B-A0C3A348D360}.Debug|x64.ActiveCfg = Debug|Any CPU
		{C0D455B1-2EA6-48CB-9F5B-A0C3A348D360}.Debug|x64.Build.0 = Debug|Any CPU
		{C0D455B1-2EA6-48CB-9F5B-A0C3A348D360}.Debug|x86.ActiveCfg = Debug|Any CPU
		{C0D455B1-2EA6-48CB-9F5B-A0C3A348D360}.Debug|x86.Build.0 = Debug|Any CPU
		{C0D455B1-2EA6-48CB-9F5B-A0C3A348D360}.Release|Any CPU.ActiveCfg = Release|Any CPU
		{C0D455B1-2EA6-48CB-9F5B-A0C3A348D360}.Release|Any CPU.Build.0 = Release|Any CPU
		{C0D455B1-2EA6-48CB-9F5B-A0C3A348D360}.Release|x64.ActiveCfg = Release|Any CPU
		{C0D455B1-2EA6-48CB-9F5B-A0C3A348D360}.Release|x64.Build.0 = Release|Any CPU
		{C0D455B1-2EA6-48CB-9F5B-A0C3A348D360}.Release|x86.ActiveCfg = Release|Any CPU
		{C0D455B1-2EA6-48CB-9F5B-A0C3A348D360}.Release|x86.Build.0 = Release|Any CPU
		{B8525B6C-5D58-4B53-8A5C-719242B0A224}.Debug|Any CPU.ActiveCfg = Debug|Any CPU
		{B8525B6C-5D58-4B53-8A5C-719242B0A224}.Debug|Any CPU.Build.0 = Debug|Any CPU
		{B8525B6C-5D58-4B53-8A5C-719242B0A224}.Debug|x64.ActiveCfg = Debug|Any CPU
		{B8525B6C-5D58-4B53-8A5C-719242B0A224}.Debug|x64.Build.0 = Debug|Any CPU
		{B8525B6C-5D58-4B53-8A5C-719242B0A224}.Debug|x86.ActiveCfg = Debug|Any CPU
		{B8525B6C-5D58-4B53-8A5C-719242B0A224}.Debug|x86.Build.0 = Debug|Any CPU
		{B8525B6C-5D58-4B53-8A5C-719242B0A224}.Release|Any CPU.ActiveCfg = Release|Any CPU
		{B8525B6C-5D58-4B53-8A5C-719242B0A224}.Release|Any CPU.Build.0 = Release|Any CPU
		{B8525B6C-5D58-4B53-8A5C-719242B0A224}.Release|x64.ActiveCfg = Release|Any CPU
		{B8525B6C-5D58-4B53-8A5C-719242B0A224}.Release|x64.Build.0 = Release|Any CPU
		{B8525B6C-5D58-4B53-8A5C-719242B0A224}.Release|x86.ActiveCfg = Release|Any CPU
		{B8525B6C-5D58-4B53-8A5C-719242B0A224}.Release|x86.Build.0 = Release|Any CPU
	EndGlobalSection
	GlobalSection(SolutionProperties) = preSolution
		HideSolutionNode = FALSE
	EndGlobalSection
	GlobalSection(NestedProjects) = preSolution
		{9199722F-B8FC-4D98-AFD2-83393F78DC85} = {02EA681E-C7D8-13C7-8484-4AC65E1B71E8}
		{004EDFE9-E25B-4393-B471-B20E86DB6D21} = {02EA681E-C7D8-13C7-8484-4AC65E1B71E8}
	EndGlobalSection
EndGlobal
